
Microsoft Visual Studio Solution File, Format Version 12.00
# Visual Studio Version 17
VisualStudioVersion = 17.0.31903.59
MinimumVisualStudioVersion = 10.0.40219.1
Project("{2150E333-8FDC-42A3-9474-1A3956D46DE8}") = "Aula_09", "Aula_09", "{6D5B36F5-61CA-DD54-57F9-4405402339CB}"
EndProject
Project("{FAE04EC0-301F-11D3-BF4B-00C04F79EFBC}") = "Exemplo", "Aula_09\Exemplo\Exemplo.csproj", "{2066F68D-EA91-4DFD-A368-C5C13466C8C3}"
EndProject
Project("{2150E333-8FDC-42A3-9474-1A3956D46DE8}") = "Aula_08", "Aula_08", "{4DD1F330-AD27-C89B-C0FB-034646C5771C}"
EndProject
Project("{FAE04EC0-301F-11D3-BF4B-00C04F79EFBC}") = "Exercicio01", "Aula_08\Exercicio01\Exercicio01.csproj", "{D32F283B-0DE5-4B4B-87C7-C208ED4E32A9}"
EndProject
Project("{FAE04EC0-301F-11D3-BF4B-00C04F79EFBC}") = "Exercicio03", "Aula_08\Exercicio03\Exercicio03.csproj", "{BE94DFF8-802F-4C61-9F56-5C6AF0790A5A}"
EndProject
Project("{2150E333-8FDC-42A3-9474-1A3956D46DE8}") = "Aula09_Listas", "Aula09_Listas", "{71A97425-5C35-1913-11CE-A6C5CB644574}"
EndProject
Project("{FAE04EC0-301F-11D3-BF4B-00C04F79EFBC}") = "Exercicio01", "Aula09_Listas\Exercicio01\Exercicio01.csproj", "{5E5C3BA0-86FF-4296-8047-7B4D547416DA}"
EndProject
Global
	GlobalSection(SolutionConfigurationPlatforms) = preSolution
		Debug|Any CPU = Debug|Any CPU
		Debug|x64 = Debug|x64
		Debug|x86 = Debug|x86
		Release|Any CPU = Release|Any CPU
		Release|x64 = Release|x64
		Release|x86 = Release|x86
	EndGlobalSection
	GlobalSection(ProjectConfigurationPlatforms) = postSolution
		{2066F68D-EA91-4DFD-A368-C5C13466C8C3}.Debug|Any CPU.ActiveCfg = Debug|Any CPU
		{2066F68D-EA91-4DFD-A368-C5C13466C8C3}.Debug|Any CPU.Build.0 = Debug|Any CPU
		{2066F68D-EA91-4DFD-A368-C5C13466C8C3}.Debug|x64.ActiveCfg = Debug|Any CPU
		{2066F68D-EA91-4DFD-A368-C5C13466C8C3}.Debug|x64.Build.0 = Debug|Any CPU
		{2066F68D-EA91-4DFD-A368-C5C13466C8C3}.Debug|x86.ActiveCfg = Debug|Any CPU
		{2066F68D-EA91-4DFD-A368-C5C13466C8C3}.Debug|x86.Build.0 = Debug|Any CPU
		{2066F68D-EA91-4DFD-A368-C5C13466C8C3}.Release|Any CPU.ActiveCfg = Release|Any CPU
		{2066F68D-EA91-4DFD-A368-C5C13466C8C3}.Release|Any CPU.Build.0 = Release|Any CPU
		{2066F68D-EA91-4DFD-A368-C5C13466C8C3}.Release|x64.ActiveCfg = Release|Any CPU
		{2066F68D-EA91-4DFD-A368-C5C13466C8C3}.Release|x64.Build.0 = Release|Any CPU
		{2066F68D-EA91-4DFD-A368-C5C13466C8C3}.Release|x86.ActiveCfg = Release|Any CPU
		{2066F68D-EA91-4DFD-A368-C5C13466C8C3}.Release|x86.Build.0 = Release|Any CPU
		{D32F283B-0DE5-4B4B-87C7-C208ED4E32A9}.Debug|Any CPU.ActiveCfg = Debug|Any CPU
		{D32F283B-0DE5-4B4B-87C7-C208ED4E32A9}.Debug|Any CPU.Build.0 = Debug|Any CPU
		{D32F283B-0DE5-4B4B-87C7-C208ED4E32A9}.Debug|x64.ActiveCfg = Debug|Any CPU
		{D32F283B-0DE5-4B4B-87C7-C208ED4E32A9}.Debug|x64.Build.0 = Debug|Any CPU
		{D32F283B-0DE5-4B4B-87C7-C208ED4E32A9}.Debug|x86.ActiveCfg = Debug|Any CPU
		{D32F283B-0DE5-4B4B-87C7-C208ED4E32A9}.Debug|x86.Build.0 = Debug|Any CPU
		{D32F283B-0DE5-4B4B-87C7-C208ED4E32A9}.Release|Any CPU.ActiveCfg = Release|Any CPU
		{D32F283B-0DE5-4B4B-87C7-C208ED4E32A9}.Release|Any CPU.Build.0 = Release|Any CPU
		{D32F283B-0DE5-4B4B-87C7-C208ED4E32A9}.Release|x64.ActiveCfg = Release|Any CPU
		{D32F283B-0DE5-4B4B-87C7-C208ED4E32A9}.Release|x64.Build.0 = Release|Any CPU
		{D32F283B-0DE5-4B4B-87C7-C208ED4E32A9}.Release|x86.ActiveCfg = Release|Any CPU
		{D32F283B-0DE5-4B4B-87C7-C208ED4E32A9}.Release|x86.Build.0 = Release|Any CPU
		{BE94DFF8-802F-4C61-9F56-5C6AF0790A5A}.Debug|Any CPU.ActiveCfg = Debug|Any CPU
		{BE94DFF8-802F-4C61-9F56-5C6AF0790A5A}.Debug|Any CPU.Build.0 = Debug|Any CPU
		{BE94DFF8-802F-4C61-9F56-5C6AF0790A5A}.Debug|x64.ActiveCfg = Debug|Any CPU
		{BE94DFF8-802F-4C61-9F56-5C6AF0790A5A}.Debug|x64.Build.0 = Debug|Any CPU
		{BE94DFF8-802F-4C61-9F56-5C6AF0790A5A}.Debug|x86.ActiveCfg = Debug|Any CPU
		{BE94DFF8-802F-4C61-9F56-5C6AF0790A5A}.Debug|x86.Build.0 = Debug|Any CPU
		{BE94DFF8-802F-4C61-9F56-5C6AF0790A5A}.Release|Any CPU.ActiveCfg = Release|Any CPU
		{BE94DFF8-802F-4C61-9F56-5C6AF0790A5A}.Release|Any CPU.Build.0 = Release|Any CPU
		{BE94DFF8-802F-4C61-9F56-5C6AF0790A5A}.Release|x64.ActiveCfg = Release|Any CPU
		{BE94DFF8-802F-4C61-9F56-5C6AF0790A5A}.Release|x64.Build.0 = Release|Any CPU
		{BE94DFF8-802F-4C61-9F56-5C6AF0790A5A}.Release|x86.ActiveCfg = Release|Any CPU
		{BE94DFF8-802F-4C61-9F56-5C6AF0790A5A}.Release|x86.Build.0 = Release|Any CPU
		{5E5C3BA0-86FF-4296-8047-7B4D547416DA}.Debug|Any CPU.ActiveCfg = Debug|Any CPU
		{5E5C3BA0-86FF-4296-8047-7B4D547416DA}.Debug|Any CPU.Build.0 = Debug|Any CPU
		{5E5C3BA0-86FF-4296-8047-7B4D547416DA}.Debug|x64.ActiveCfg = Debug|Any CPU
		{5E5C3BA0-86FF-4296-8047-7B4D547416DA}.Debug|x64.Build.0 = Debug|Any CPU
		{5E5C3BA0-86FF-4296-8047-7B4D547416DA}.Debug|x86.ActiveCfg = Debug|Any CPU
		{5E5C3BA0-86FF-4296-8047-7B4D547416DA}.Debug|x86.Build.0 = Debug|Any CPU
		{5E5C3BA0-86FF-4296-8047-7B4D547416DA}.Release|Any CPU.ActiveCfg = Release|Any CPU
		{5E5C3BA0-86FF-4296-8047-7B4D547416DA}.Release|Any CPU.Build.0 = Release|Any CPU
		{5E5C3BA0-86FF-4296-8047-7B4D547416DA}.Release|x64.ActiveCfg = Release|Any CPU
		{5E5C3BA0-86FF-4296-8047-7B4D547416DA}.Release|x64.Build.0 = Release|Any CPU
		{5E5C3BA0-86FF-4296-8047-7B4D547416DA}.Release|x86.ActiveCfg = Release|Any CPU
		{5E5C3BA0-86FF-4296-8047-7B4D547416DA}.Release|x86.Build.0 = Release|Any CPU
	EndGlobalSection
	GlobalSection(SolutionProperties) = preSolution
		HideSolutionNode = FALSE
	EndGlobalSection
	GlobalSection(NestedProjects) = preSolution
		{2066F68D-EA91-4DFD-A368-C5C13466C8C3} = {6D5B36F5-61CA-DD54-57F9-4405402339CB}
		{D32F283B-0DE5-4B4B-87C7-C208ED4E32A9} = {4DD1F330-AD27-C89B-C0FB-034646C5771C}
		{BE94DFF8-802F-4C61-9F56-5C6AF0790A5A} = {4DD1F330-AD27-C89B-C0FB-034646C5771C}
		{5E5C3BA0-86FF-4296-8047-7B4D547416DA} = {71A97425-5C35-1913-11CE-A6C5CB644574}
	EndGlobalSection
EndGlobal
